PODS:
  - AMap3DMap-NO-IDFA (8.1.0):
    - AMapFoundation-NO-IDFA (~> 1.6.9)
  - AMapFoundation-NO-IDFA (1.6.9)
  - AMapLocation-NO-IDFA (2.8.0):
    - AMapFoundation-NO-IDFA (~> 1.6.9)
  - AMapSearch-NO-IDFA (8.1.0):
    - AMapFoundation-NO-IDFA (~> 1.6.9)
  - ZLNavigation (0.0.1):
    - AMap3DMap-NO-IDFA (~> 8.1.0)
    - AMapFoundation-NO-IDFA (~> 1.6.9)
    - AMapLocation-NO-IDFA (~> 2.8.0)
    - AMapSearch-NO-IDFA (~> 8.1.0)

DEPENDENCIES:
  - ZLNavigation (from `Lib/ZLNavigation`)

SPEC REPOS:
  trunk:
    - AMap3DMap-NO-IDFA
    - AMapFoundation-NO-IDFA
    - AMapLocation-NO-IDFA
    - AMapSearch-NO-IDFA

EXTERNAL SOURCES:
  ZLNavigation:
    :path: Lib/ZLNavigation

SPEC CHECKSUMS:
  AMap3DMap-NO-IDFA: 4ae222a9d60a094f9517e12d25ee3491ccb02230
  AMapFoundation-NO-IDFA: cc2ec7a2828ef292358ad594b7ee0ae21a7f097b
  AMapLocation-NO-IDFA: 9d7ec9b052405356600b59fe0a9a65261bacc54e
  AMapSearch-NO-IDFA: df1f7c79f251e0ca04b9761593f6453527957ea0
  ZLNavigation: 9f24437634d22939e7fa62c5919dadaf85697b32

PODFILE CHECKSUM: 07f7dfb64ff5a81942b079a78c73a74eb1c26b69

COCOAPODS: 1.11.2
