PODS:
  - AMap3DMap-NO-IDFA (8.1.0):
    - AMapFoundation-NO-IDFA (~> 1.6.9)
  - AMapFoundation-NO-IDFA (1.6.9)
  - AMapLocation-NO-IDFA (2.8.0):
    - AMapFoundation-NO-IDFA (~> 1.6.9)
  - AMapSearch-NO-IDFA (8.1.0):
    - AMapFoundation-NO-IDFA (~> 1.6.9)
  - LookinServer (1.0.6)
  - SnapKit (5.0.1)
  - ZLNavigation (0.0.1):
    - AMap3DMap-NO-IDFA (~> 8.1.0)
    - AMapFoundation-NO-IDFA (~> 1.6.9)
    - AMapLocation-NO-IDFA (~> 2.8.0)
    - AMapSearch-NO-IDFA (~> 8.1.0)

DEPENDENCIES:
  - LookinServer
  - SnapKit (~> 5.0.0)
  - ZLNavigation (from `Lib/ZLNavigation`)

SPEC REPOS:
  trunk:
    - AMap3DMap-NO-IDFA
    - AMapFoundation-NO-IDFA
    - AMapLocation-NO-IDFA
    - AMapSearch-NO-IDFA
    - LookinServer
    - SnapKit

EXTERNAL SOURCES:
  ZLNavigation:
    :path: Lib/ZLNavigation

SPEC CHECKSUMS:
  AMap3DMap-NO-IDFA: 4ae222a9d60a094f9517e12d25ee3491ccb02230
  AMapFoundation-NO-IDFA: cc2ec7a2828ef292358ad594b7ee0ae21a7f097b
  AMapLocation-NO-IDFA: 9d7ec9b052405356600b59fe0a9a65261bacc54e
  AMapSearch-NO-IDFA: df1f7c79f251e0ca04b9761593f6453527957ea0
  LookinServer: 18155b1e4a08213c236a1dd6b7ca52328a70a1e3
  SnapKit: 97b92857e3df3a0c71833cce143274bf6ef8e5eb
  ZLNavigation: 8a2c9e1f5e4c13231b52907db815377ac55c0409

PODFILE CHECKSUM: 7859eda93bd516eee8a339ef1c8dea3c39caa63c

COCOAPODS: 1.8.4
