// !$*UTF8*$!
{
	archiveVersion = 1;
	classes = {
	};
	objectVersion = 55;
	objects = {

/* Begin PBXBuildFile section */
		1D6B0DEF26B6FF15D3D44B5E /* Pods_ZLife.framework in Frameworks */ = {isa = PBXBuildFile; fileRef = E4B9E3AF3A9BB746A377F084 /* Pods_ZLife.framework */; };
		1F3EF4BF27D510F60081275B /* MineViewController.swift in Sources */ = {isa = PBXBuildFile; fileRef = 1F3EF4BE27D510F60081275B /* MineViewController.swift */; };
		1F3EF4C127D511DC0081275B /* MineTopUserInfoViewCell.swift in Sources */ = {isa = PBXBuildFile; fileRef = 1F3EF4C027D511DC0081275B /* MineTopUserInfoViewCell.swift */; };
		1F3EF4C327D5135C0081275B /* MineUserToolViewCell.swift in Sources */ = {isa = PBXBuildFile; fileRef = 1F3EF4C227D5135C0081275B /* MineUserToolViewCell.swift */; };
		1F50A69127CD1D33000C702D /* AppDelegate.swift in Sources */ = {isa = PBXBuildFile; fileRef = 1F50A69027CD1D33000C702D /* AppDelegate.swift */; };
		1F50A69327CD1D33000C702D /* SceneDelegate.swift in Sources */ = {isa = PBXBuildFile; fileRef = 1F50A69227CD1D33000C702D /* SceneDelegate.swift */; };
		1F50A69527CD1D33000C702D /* HomeViewController.swift in Sources */ = {isa = PBXBuildFile; fileRef = 1F50A69427CD1D33000C702D /* HomeViewController.swift */; };
		1F50A69827CD1D33000C702D /* Main.storyboard in Resources */ = {isa = PBXBuildFile; fileRef = 1F50A69627CD1D33000C702D /* Main.storyboard */; };
		1F50A69A27CD1D35000C702D /* Assets.xcassets in Resources */ = {isa = PBXBuildFile; fileRef = 1F50A69927CD1D35000C702D /* Assets.xcassets */; };
		1F50A69D27CD1D35000C702D /* LaunchScreen.storyboard in Resources */ = {isa = PBXBuildFile; fileRef = 1F50A69B27CD1D35000C702D /* LaunchScreen.storyboard */; };
		1F50A6A927CD3095000C702D /* RootTabBarController.swift in Sources */ = {isa = PBXBuildFile; fileRef = 1F50A6A827CD3095000C702D /* RootTabBarController.swift */; };
		1F50A6AB27CD4279000C702D /* CommonTools.swift in Sources */ = {isa = PBXBuildFile; fileRef = 1F50A6AA27CD4279000C702D /* CommonTools.swift */; };
		2B1036B628A4D844000CD983 /* MineUserToolViewModel.swift in Sources */ = {isa = PBXBuildFile; fileRef = 2B1036B528A4D844000CD983 /* MineUserToolViewModel.swift */; };
		2B105FD528A4FA60000CD983 /* ARSwiftUIView.swift in Sources */ = {isa = PBXBuildFile; fileRef = 2B105FD428A4FA60000CD983 /* ARSwiftUIView.swift */; };
		2B105FD928A502EC000CD983 /* ARViewController.swift in Sources */ = {isa = PBXBuildFile; fileRef = 2B105FD828A502EC000CD983 /* ARViewController.swift */; };
/* End PBXBuildFile section */

/* Begin PBXFileReference section */
		1F3EF4BE27D510F60081275B /* MineViewController.swift */ = {isa = PBXFileReference; fileEncoding = 4; lastKnownFileType = sourcecode.swift; path = MineViewController.swift; sourceTree = "<group>"; };
		1F3EF4C027D511DC0081275B /* MineTopUserInfoViewCell.swift */ = {isa = PBXFileReference; lastKnownFileType = sourcecode.swift; path = MineTopUserInfoViewCell.swift; sourceTree = "<group>"; };
		1F3EF4C227D5135C0081275B /* MineUserToolViewCell.swift */ = {isa = PBXFileReference; lastKnownFileType = sourcecode.swift; path = MineUserToolViewCell.swift; sourceTree = "<group>"; };
		1F50A68D27CD1D33000C702D /* ZLife.app */ = {isa = PBXFileReference; explicitFileType = wrapper.application; includeInIndex = 0; path = ZLife.app; sourceTree = BUILT_PRODUCTS_DIR; };
		1F50A69027CD1D33000C702D /* AppDelegate.swift */ = {isa = PBXFileReference; lastKnownFileType = sourcecode.swift; path = AppDelegate.swift; sourceTree = "<group>"; };
		1F50A69227CD1D33000C702D /* SceneDelegate.swift */ = {isa = PBXFileReference; lastKnownFileType = sourcecode.swift; path = SceneDelegate.swift; sourceTree = "<group>"; };
		1F50A69427CD1D33000C702D /* HomeViewController.swift */ = {isa = PBXFileReference; lastKnownFileType = sourcecode.swift; path = HomeViewController.swift; sourceTree = "<group>"; };
		1F50A69727CD1D33000C702D /* Base */ = {isa = PBXFileReference; lastKnownFileType = file.storyboard; name = Base; path = Base.lproj/Main.storyboard; sourceTree = "<group>"; };
		1F50A69927CD1D35000C702D /* Assets.xcassets */ = {isa = PBXFileReference; lastKnownFileType = folder.assetcatalog; path = Assets.xcassets; sourceTree = "<group>"; };
		1F50A69C27CD1D35000C702D /* Base */ = {isa = PBXFileReference; lastKnownFileType = file.storyboard; name = Base; path = Base.lproj/LaunchScreen.storyboard; sourceTree = "<group>"; };
		1F50A69E27CD1D35000C702D /* Info.plist */ = {isa = PBXFileReference; lastKnownFileType = text.plist.xml; path = Info.plist; sourceTree = "<group>"; };
		1F50A6A827CD3095000C702D /* RootTabBarController.swift */ = {isa = PBXFileReference; lastKnownFileType = sourcecode.swift; path = RootTabBarController.swift; sourceTree = "<group>"; };
		1F50A6AA27CD4279000C702D /* CommonTools.swift */ = {isa = PBXFileReference; lastKnownFileType = sourcecode.swift; path = CommonTools.swift; sourceTree = "<group>"; };
		2B1036B528A4D844000CD983 /* MineUserToolViewModel.swift */ = {isa = PBXFileReference; lastKnownFileType = sourcecode.swift; path = MineUserToolViewModel.swift; sourceTree = "<group>"; };
		2B105FD428A4FA60000CD983 /* ARSwiftUIView.swift */ = {isa = PBXFileReference; lastKnownFileType = sourcecode.swift; path = ARSwiftUIView.swift; sourceTree = "<group>"; };
		2B105FD828A502EC000CD983 /* ARViewController.swift */ = {isa = PBXFileReference; lastKnownFileType = sourcecode.swift; path = ARViewController.swift; sourceTree = "<group>"; };
		4A8E78D1A7B56BD04E94D753 /* Pods-ZLife.release.xcconfig */ = {isa = PBXFileReference; includeInIndex = 1; lastKnownFileType = text.xcconfig; name = "Pods-ZLife.release.xcconfig"; path = "Target Support Files/Pods-ZLife/Pods-ZLife.release.xcconfig"; sourceTree = "<group>"; };
		B5F9863D33D43CC87B3CAA5C /* Pods-ZLife.debug.xcconfig */ = {isa = PBXFileReference; includeInIndex = 1; lastKnownFileType = text.xcconfig; name = "Pods-ZLife.debug.xcconfig"; path = "Target Support Files/Pods-ZLife/Pods-ZLife.debug.xcconfig"; sourceTree = "<group>"; };
		E4B9E3AF3A9BB746A377F084 /* Pods_ZLife.framework */ = {isa = PBXFileReference; explicitFileType = wrapper.framework; includeInIndex = 0; path = Pods_ZLife.framework; sourceTree = BUILT_PRODUCTS_DIR; };
/* End PBXFileReference section */

/* Begin PBXFrameworksBuildPhase section */
		1F50A68A27CD1D33000C702D /* Frameworks */ = {
			isa = PBXFrameworksBuildPhase;
			buildActionMask = 2147483647;
			files = (
				1D6B0DEF26B6FF15D3D44B5E /* Pods_ZLife.framework in Frameworks */,
			);
			runOnlyForDeploymentPostprocessing = 0;
		};
/* End PBXFrameworksBuildPhase section */

/* Begin PBXGroup section */
		1F3EF4BB27D510AF0081275B /* Mine */ = {
			isa = PBXGroup;
			children = (
				2B105FCF28A4F710000CD983 /* ARRelate */,
				1F3EF4BE27D510F60081275B /* MineViewController.swift */,
				1F3EF4C027D511DC0081275B /* MineTopUserInfoViewCell.swift */,
				1F3EF4C227D5135C0081275B /* MineUserToolViewCell.swift */,
				2B1036B528A4D844000CD983 /* MineUserToolViewModel.swift */,
			);
			path = Mine;
			sourceTree = "<group>";
		};
		1F50A68427CD1D33000C702D = {
			isa = PBXGroup;
			children = (
				1F50A68F27CD1D33000C702D /* ZLife */,
				1F50A68E27CD1D33000C702D /* Products */,
				DBD5E3353DACAE4D9F1E7895 /* Pods */,
				9530BEA7BF90D9CEF3F67B2D /* Frameworks */,
			);
			sourceTree = "<group>";
		};
		1F50A68E27CD1D33000C702D /* Products */ = {
			isa = PBXGroup;
			children = (
				1F50A68D27CD1D33000C702D /* ZLife.app */,
			);
			name = Products;
			sourceTree = "<group>";
		};
		1F50A68F27CD1D33000C702D /* ZLife */ = {
			isa = PBXGroup;
			children = (
				1F50A69027CD1D33000C702D /* AppDelegate.swift */,
				1F50A69227CD1D33000C702D /* SceneDelegate.swift */,
				1F50A6A827CD3095000C702D /* RootTabBarController.swift */,
				1F50A69627CD1D33000C702D /* Main.storyboard */,
				1F50A69927CD1D35000C702D /* Assets.xcassets */,
				1F50A69B27CD1D35000C702D /* LaunchScreen.storyboard */,
				1F50A69E27CD1D35000C702D /* Info.plist */,
				1F50A69427CD1D33000C702D /* HomeViewController.swift */,
				1F3EF4BB27D510AF0081275B /* Mine */,
				1F50A6AA27CD4279000C702D /* CommonTools.swift */,
			);
			path = ZLife;
			sourceTree = "<group>";
		};
		2B105FCF28A4F710000CD983 /* ARRelate */ = {
			isa = PBXGroup;
			children = (
				2B105FD428A4FA60000CD983 /* ARSwiftUIView.swift */,
				2B105FD828A502EC000CD983 /* ARViewController.swift */,
			);
			path = ARRelate;
			sourceTree = "<group>";
		};
		9530BEA7BF90D9CEF3F67B2D /* Frameworks */ = {
			isa = PBXGroup;
			children = (
				E4B9E3AF3A9BB746A377F084 /* Pods_ZLife.framework */,
			);
			name = Frameworks;
			sourceTree = "<group>";
		};
		DBD5E3353DACAE4D9F1E7895 /* Pods */ = {
			isa = PBXGroup;
			children = (
				B5F9863D33D43CC87B3CAA5C /* Pods-ZLife.debug.xcconfig */,
				4A8E78D1A7B56BD04E94D753 /* Pods-ZLife.release.xcconfig */,
			);
			path = Pods;
			sourceTree = "<group>";
		};
/* End PBXGroup section */

/* Begin PBXNativeTarget section */
		1F50A68C27CD1D33000C702D /* ZLife */ = {
			isa = PBXNativeTarget;
			buildConfigurationList = 1F50A6A127CD1D35000C702D /* Build configuration list for PBXNativeTarget "ZLife" */;
			buildPhases = (
				BDAC267F85E5559DE19EDF51 /* [CP] Check Pods Manifest.lock */,
				1F50A68927CD1D33000C702D /* Sources */,
				1F50A68A27CD1D33000C702D /* Frameworks */,
				1F50A68B27CD1D33000C702D /* Resources */,
				85A360D6583E52DFBF811C41 /* [CP] Copy Pods Resources */,
				5F5DC7162738C5CA1314A071 /* [CP] Embed Pods Frameworks */,
			);
			buildRules = (
			);
			dependencies = (
			);
			name = ZLife;
			productName = ZLife;
			productReference = 1F50A68D27CD1D33000C702D /* ZLife.app */;
			productType = "com.apple.product-type.application";
		};
/* End PBXNativeTarget section */

/* Begin PBXProject section */
		1F50A68527CD1D33000C702D /* Project object */ = {
			isa = PBXProject;
			attributes = {
				BuildIndependentTargetsInParallel = 1;
				LastSwiftUpdateCheck = 1320;
				LastUpgradeCheck = 1320;
				TargetAttributes = {
					1F50A68C27CD1D33000C702D = {
						CreatedOnToolsVersion = 13.2.1;
					};
				};
			};
			buildConfigurationList = 1F50A68827CD1D33000C702D /* Build configuration list for PBXProject "ZLife" */;
			compatibilityVersion = "Xcode 13.0";
			developmentRegion = en;
			hasScannedForEncodings = 0;
			knownRegions = (
				en,
				Base,
			);
			mainGroup = 1F50A68427CD1D33000C702D;
			productRefGroup = 1F50A68E27CD1D33000C702D /* Products */;
			projectDirPath = "";
			projectRoot = "";
			targets = (
				1F50A68C27CD1D33000C702D /* ZLife */,
			);
		};
/* End PBXProject section */

/* Begin PBXResourcesBuildPhase section */
		1F50A68B27CD1D33000C702D /* Resources */ = {
			isa = PBXResourcesBuildPhase;
			buildActionMask = 2147483647;
			files = (
				1F50A69D27CD1D35000C702D /* LaunchScreen.storyboard in Resources */,
				1F50A69A27CD1D35000C702D /* Assets.xcassets in Resources */,
				1F50A69827CD1D33000C702D /* Main.storyboard in Resources */,
			);
			runOnlyForDeploymentPostprocessing = 0;
		};
/* End PBXResourcesBuildPhase section */

/* Begin PBXShellScriptBuildPhase section */
		5F5DC7162738C5CA1314A071 /* [CP] Embed Pods Frameworks */ = {
			isa = PBXShellScriptBuildPhase;
			buildActionMask = 2147483647;
			files = (
			);
			inputFileListPaths = (
				"${PODS_ROOT}/Target Support Files/Pods-ZLife/Pods-ZLife-frameworks-${CONFIGURATION}-input-files.xcfilelist",
			);
			name = "[CP] Embed Pods Frameworks";
			outputFileListPaths = (
				"${PODS_ROOT}/Target Support Files/Pods-ZLife/Pods-ZLife-frameworks-${CONFIGURATION}-output-files.xcfilelist",
			);
			runOnlyForDeploymentPostprocessing = 0;
			shellPath = /bin/sh;
			shellScript = "\"${PODS_ROOT}/Target Support Files/Pods-ZLife/Pods-ZLife-frameworks.sh\"\n";
			showEnvVarsInLog = 0;
		};
		85A360D6583E52DFBF811C41 /* [CP] Copy Pods Resources */ = {
			isa = PBXShellScriptBuildPhase;
			buildActionMask = 2147483647;
			files = (
			);
			inputFileListPaths = (
				"${PODS_ROOT}/Target Support Files/Pods-ZLife/Pods-ZLife-resources-${CONFIGURATION}-input-files.xcfilelist",
			);
			name = "[CP] Copy Pods Resources";
			outputFileListPaths = (
				"${PODS_ROOT}/Target Support Files/Pods-ZLife/Pods-ZLife-resources-${CONFIGURATION}-output-files.xcfilelist",
			);
			runOnlyForDeploymentPostprocessing = 0;
			shellPath = /bin/sh;
			shellScript = "\"${PODS_ROOT}/Target Support Files/Pods-ZLife/Pods-ZLife-resources.sh\"\n";
			showEnvVarsInLog = 0;
		};
		BDAC267F85E5559DE19EDF51 /* [CP] Check Pods Manifest.lock */ = {
			isa = PBXShellScriptBuildPhase;
			buildActionMask = 2147483647;
			files = (
			);
			inputFileListPaths = (
			);
			inputPaths = (
				"${PODS_PODFILE_DIR_PATH}/Podfile.lock",
				"${PODS_ROOT}/Manifest.lock",
			);
			name = "[CP] Check Pods Manifest.lock";
			outputFileListPaths = (
			);
			outputPaths = (
				"$(DERIVED_FILE_DIR)/Pods-ZLife-checkManifestLockResult.txt",
			);
			runOnlyForDeploymentPostprocessing = 0;
			shellPath = /bin/sh;
			shellScript = "diff \"${PODS_PODFILE_DIR_PATH}/Podfile.lock\" \"${PODS_ROOT}/Manifest.lock\" > /dev/null\nif [ $? != 0 ] ; then\n    # print error to STDERR\n    echo \"error: The sandbox is not in sync with the Podfile.lock. Run 'pod install' or update your CocoaPods installation.\" >&2\n    exit 1\nfi\n# This output is used by Xcode 'outputs' to avoid re-running this script phase.\necho \"SUCCESS\" > \"${SCRIPT_OUTPUT_FILE_0}\"\n";
			showEnvVarsInLog = 0;
		};
/* End PBXShellScriptBuildPhase section */

/* Begin PBXSourcesBuildPhase section */
		1F50A68927CD1D33000C702D /* Sources */ = {
			isa = PBXSourcesBuildPhase;
			buildActionMask = 2147483647;
			files = (
				1F50A69527CD1D33000C702D /* HomeViewController.swift in Sources */,
				1F50A6A927CD3095000C702D /* RootTabBarController.swift in Sources */,
				2B1036B628A4D844000CD983 /* MineUserToolViewModel.swift in Sources */,
				1F50A6AB27CD4279000C702D /* CommonTools.swift in Sources */,
				1F50A69127CD1D33000C702D /* AppDelegate.swift in Sources */,
				1F3EF4C127D511DC0081275B /* MineTopUserInfoViewCell.swift in Sources */,
				2B105FD528A4FA60000CD983 /* ARSwiftUIView.swift in Sources */,
				1F50A69327CD1D33000C702D /* SceneDelegate.swift in Sources */,
				1F3EF4C327D5135C0081275B /* MineUserToolViewCell.swift in Sources */,
				1F3EF4BF27D510F60081275B /* MineViewController.swift in Sources */,
				2B105FD928A502EC000CD983 /* ARViewController.swift in Sources */,
			);
			runOnlyForDeploymentPostprocessing = 0;
		};
/* End PBXSourcesBuildPhase section */

/* Begin PBXVariantGroup section */
		1F50A69627CD1D33000C702D /* Main.storyboard */ = {
			isa = PBXVariantGroup;
			children = (
				1F50A69727CD1D33000C702D /* Base */,
			);
			name = Main.storyboard;
			sourceTree = "<group>";
		};
		1F50A69B27CD1D35000C702D /* LaunchScreen.storyboard */ = {
			isa = PBXVariantGroup;
			children = (
				1F50A69C27CD1D35000C702D /* Base */,
			);
			name = LaunchScreen.storyboard;
			sourceTree = "<group>";
		};
/* End PBXVariantGroup section */

/* Begin XCBuildConfiguration section */
		1F50A69F27CD1D35000C702D /* Debug */ = {
			isa = XCBuildConfiguration;
			buildSettings = {
				ALWAYS_SEARCH_USER_PATHS = NO;
				CLANG_ANALYZER_NONNULL = YES;
				CLANG_ANALYZER_NUMBER_OBJECT_CONVERSION = YES_AGGRESSIVE;
				CLANG_CXX_LANGUAGE_STANDARD = "gnu++17";
				CLANG_CXX_LIBRARY = "libc++";
				CLANG_ENABLE_MODULES = YES;
				CLANG_ENABLE_OBJC_ARC = YES;
				CLANG_ENABLE_OBJC_WEAK = YES;
				CLANG_WARN_BLOCK_CAPTURE_AUTORELEASING = YES;
				CLANG_WARN_BOOL_CONVERSION = YES;
				CLANG_WARN_COMMA = YES;
				CLANG_WARN_CONSTANT_CONVERSION = YES;
				CLANG_WARN_DEPRECATED_OBJC_IMPLEMENTATIONS = YES;
				CLANG_WARN_DIRECT_OBJC_ISA_USAGE = YES_ERROR;
				CLANG_WARN_DOCUMENTATION_COMMENTS = YES;
				CLANG_WARN_EMPTY_BODY = YES;
				CLANG_WARN_ENUM_CONVERSION = YES;
				CLANG_WARN_INFINITE_RECURSION = YES;
				CLANG_WARN_INT_CONVERSION = YES;
				CLANG_WARN_NON_LITERAL_NULL_CONVERSION = YES;
				CLANG_WARN_OBJC_IMPLICIT_RETAIN_SELF = YES;
				CLANG_WARN_OBJC_LITERAL_CONVERSION = YES;
				CLANG_WARN_OBJC_ROOT_CLASS = YES_ERROR;
				CLANG_WARN_QUOTED_INCLUDE_IN_FRAMEWORK_HEADER = YES;
				CLANG_WARN_RANGE_LOOP_ANALYSIS = YES;
				CLANG_WARN_STRICT_PROTOTYPES = YES;
				CLANG_WARN_SUSPICIOUS_MOVE = YES;
				CLANG_WARN_UNGUARDED_AVAILABILITY = YES_AGGRESSIVE;
				CLANG_WARN_UNREACHABLE_CODE = YES;
				CLANG_WARN__DUPLICATE_METHOD_MATCH = YES;
				COPY_PHASE_STRIP = NO;
				DEBUG_INFORMATION_FORMAT = dwarf;
				ENABLE_STRICT_OBJC_MSGSEND = YES;
				ENABLE_TESTABILITY = YES;
				GCC_C_LANGUAGE_STANDARD = gnu11;
				GCC_DYNAMIC_NO_PIC = NO;
				GCC_NO_COMMON_BLOCKS = YES;
				GCC_OPTIMIZATION_LEVEL = 0;
				GCC_PREPROCESSOR_DEFINITIONS = (
					"DEBUG=1",
					"$(inherited)",
				);
				GCC_WARN_64_TO_32_BIT_CONVERSION = YES;
				GCC_WARN_ABOUT_RETURN_TYPE = YES_ERROR;
				GCC_WARN_UNDECLARED_SELECTOR = YES;
				GCC_WARN_UNINITIALIZED_AUTOS = YES_AGGRESSIVE;
				GCC_WARN_UNUSED_FUNCTION = YES;
				GCC_WARN_UNUSED_VARIABLE = YES;
				IPHONEOS_DEPLOYMENT_TARGET = 15.2;
				MTL_ENABLE_DEBUG_INFO = INCLUDE_SOURCE;
				MTL_FAST_MATH = YES;
				ONLY_ACTIVE_ARCH = YES;
				SDKROOT = iphoneos;
				SWIFT_ACTIVE_COMPILATION_CONDITIONS = DEBUG;
				SWIFT_OPTIMIZATION_LEVEL = "-Onone";
			};
			name = Debug;
		};
		1F50A6A027CD1D35000C702D /* Release */ = {
			isa = XCBuildConfiguration;
			buildSettings = {
				ALWAYS_SEARCH_USER_PATHS = NO;
				CLANG_ANALYZER_NONNULL = YES;
				CLANG_ANALYZER_NUMBER_OBJECT_CONVERSION = YES_AGGRESSIVE;
				CLANG_CXX_LANGUAGE_STANDARD = "gnu++17";
				CLANG_CXX_LIBRARY = "libc++";
				CLANG_ENABLE_MODULES = YES;
				CLANG_ENABLE_OBJC_ARC = YES;
				CLANG_ENABLE_OBJC_WEAK = YES;
				CLANG_WARN_BLOCK_CAPTURE_AUTORELEASING = YES;
				CLANG_WARN_BOOL_CONVERSION = YES;
				CLANG_WARN_COMMA = YES;
				CLANG_WARN_CONSTANT_CONVERSION = YES;
				CLANG_WARN_DEPRECATED_OBJC_IMPLEMENTATIONS = YES;
				CLANG_WARN_DIRECT_OBJC_ISA_USAGE = YES_ERROR;
				CLANG_WARN_DOCUMENTATION_COMMENTS = YES;
				CLANG_WARN_EMPTY_BODY = YES;
				CLANG_WARN_ENUM_CONVERSION = YES;
				CLANG_WARN_INFINITE_RECURSION = YES;
				CLANG_WARN_INT_CONVERSION = YES;
				CLANG_WARN_NON_LITERAL_NULL_CONVERSION = YES;
				CLANG_WARN_OBJC_IMPLICIT_RETAIN_SELF = YES;
				CLANG_WARN_OBJC_LITERAL_CONVERSION = YES;
				CLANG_WARN_OBJC_ROOT_CLASS = YES_ERROR;
				CLANG_WARN_QUOTED_INCLUDE_IN_FRAMEWORK_HEADER = YES;
				CLANG_WARN_RANGE_LOOP_ANALYSIS = YES;
				CLANG_WARN_STRICT_PROTOTYPES = YES;
				CLANG_WARN_SUSPICIOUS_MOVE = YES;
				CLANG_WARN_UNGUARDED_AVAILABILITY = YES_AGGRESSIVE;
				CLANG_WARN_UNREACHABLE_CODE = YES;
				CLANG_WARN__DUPLICATE_METHOD_MATCH = YES;
				COPY_PHASE_STRIP = NO;
				DEBUG_INFORMATION_FORMAT = "dwarf-with-dsym";
				ENABLE_NS_ASSERTIONS = NO;
				ENABLE_STRICT_OBJC_MSGSEND = YES;
				GCC_C_LANGUAGE_STANDARD = gnu11;
				GCC_NO_COMMON_BLOCKS = YES;
				GCC_WARN_64_TO_32_BIT_CONVERSION = YES;
				GCC_WARN_ABOUT_RETURN_TYPE = YES_ERROR;
				GCC_WARN_UNDECLARED_SELECTOR = YES;
				GCC_WARN_UNINITIALIZED_AUTOS = YES_AGGRESSIVE;
				GCC_WARN_UNUSED_FUNCTION = YES;
				GCC_WARN_UNUSED_VARIABLE = YES;
				IPHONEOS_DEPLOYMENT_TARGET = 15.2;
				MTL_ENABLE_DEBUG_INFO = NO;
				MTL_FAST_MATH = YES;
				SDKROOT = iphoneos;
				SWIFT_COMPILATION_MODE = wholemodule;
				SWIFT_OPTIMIZATION_LEVEL = "-O";
				VALIDATE_PRODUCT = YES;
			};
			name = Release;
		};
		1F50A6A227CD1D35000C702D /* Debug */ = {
			isa = XCBuildConfiguration;
			baseConfigurationReference = B5F9863D33D43CC87B3CAA5C /* Pods-ZLife.debug.xcconfig */;
			buildSettings = {
				ASSETCATALOG_COMPILER_APPICON_NAME = AppIcon;
				ASSETCATALOG_COMPILER_GLOBAL_ACCENT_COLOR_NAME = AccentColor;
				CODE_SIGN_STYLE = Automatic;
				CURRENT_PROJECT_VERSION = 1;
				DEVELOPMENT_TEAM = K89YU52N46;
				GENERATE_INFOPLIST_FILE = YES;
				INFOPLIST_FILE = ZLife/Info.plist;
				INFOPLIST_KEY_UIApplicationSupportsIndirectInputEvents = YES;
				INFOPLIST_KEY_UILaunchStoryboardName = LaunchScreen;
				INFOPLIST_KEY_UIMainStoryboardFile = Main;
				INFOPLIST_KEY_UISupportedInterfaceOrientations_iPad = "UIInterfaceOrientationPortrait UIInterfaceOrientationPortraitUpsideDown UIInterfaceOrientationLandscapeLeft UIInterfaceOrientationLandscapeRight";
				INFOPLIST_KEY_UISupportedInterfaceOrientations_iPhone = "UIInterfaceOrientationPortrait UIInterfaceOrientationLandscapeLeft UIInterfaceOrientationLandscapeRight";
				IPHONEOS_DEPLOYMENT_TARGET = 13.0;
				LD_RUNPATH_SEARCH_PATHS = (
					"$(inherited)",
					"@executable_path/Frameworks",
				);
				MARKETING_VERSION = 1.0;
				PRODUCT_BUNDLE_IDENTIFIER = com.zzy.ZLife;
				PRODUCT_NAME = "$(TARGET_NAME)";
				SWIFT_EMIT_LOC_STRINGS = YES;
				SWIFT_VERSION = 5.0;
				TARGETED_DEVICE_FAMILY = "1,2";
			};
			name = Debug;
		};
		1F50A6A327CD1D35000C702D /* Release */ = {
			isa = XCBuildConfiguration;
			baseConfigurationReference = 4A8E78D1A7B56BD04E94D753 /* Pods-ZLife.release.xcconfig */;
			buildSettings = {
				ASSETCATALOG_COMPILER_APPICON_NAME = AppIcon;
				ASSETCATALOG_COMPILER_GLOBAL_ACCENT_COLOR_NAME = AccentColor;
				CODE_SIGN_STYLE = Automatic;
				CURRENT_PROJECT_VERSION = 1;
				DEVELOPMENT_TEAM = K89YU52N46;
				GENERATE_INFOPLIST_FILE = YES;
				INFOPLIST_FILE = ZLife/Info.plist;
				INFOPLIST_KEY_UIApplicationSupportsIndirectInputEvents = YES;
				INFOPLIST_KEY_UILaunchStoryboardName = LaunchScreen;
				INFOPLIST_KEY_UIMainStoryboardFile = Main;
				INFOPLIST_KEY_UISupportedInterfaceOrientations_iPad = "UIInterfaceOrientationPortrait UIInterfaceOrientationPortraitUpsideDown UIInterfaceOrientationLandscapeLeft UIInterfaceOrientationLandscapeRight";
				INFOPLIST_KEY_UISupportedInterfaceOrientations_iPhone = "UIInterfaceOrientationPortrait UIInterfaceOrientationLandscapeLeft UIInterfaceOrientationLandscapeRight";
				IPHONEOS_DEPLOYMENT_TARGET = 13.0;
				LD_RUNPATH_SEARCH_PATHS = (
					"$(inherited)",
					"@executable_path/Frameworks",
				);
				MARKETING_VERSION = 1.0;
				PRODUCT_BUNDLE_IDENTIFIER = com.zzy.ZLife;
				PRODUCT_NAME = "$(TARGET_NAME)";
				SWIFT_EMIT_LOC_STRINGS = YES;
				SWIFT_VERSION = 5.0;
				TARGETED_DEVICE_FAMILY = "1,2";
			};
			name = Release;
		};
/* End XCBuildConfiguration section */

/* Begin XCConfigurationList section */
		1F50A68827CD1D33000C702D /* Build configuration list for PBXProject "ZLife" */ = {
			isa = XCConfigurationList;
			buildConfigurations = (
				1F50A69F27CD1D35000C702D /* Debug */,
				1F50A6A027CD1D35000C702D /* Release */,
			);
			defaultConfigurationIsVisible = 0;
			defaultConfigurationName = Release;
		};
		1F50A6A127CD1D35000C702D /* Build configuration list for PBXNativeTarget "ZLife" */ = {
			isa = XCConfigurationList;
			buildConfigurations = (
				1F50A6A227CD1D35000C702D /* Debug */,
				1F50A6A327CD1D35000C702D /* Release */,
			);
			defaultConfigurationIsVisible = 0;
			defaultConfigurationName = Release;
		};
/* End XCConfigurationList section */
	};
	rootObject = 1F50A68527CD1D33000C702D /* Project object */;
}
